// !$*UTF8*$!
{
	archiveVersion = 1;
	classes = {
	};
	objectVersion = 46;
	objects = {

/* Begin PBXBuildFile section */
		B876AAE41B062FB4007AAA66 /* AppDelegate.swift in Sources */ = {isa = PBXBuildFile; fileRef = B876AAE31B062FB4007AAA66 /* AppDelegate.swift */; };
		B876AAE91B062FB4007AAA66 /* ViewController.swift in Sources */ = {isa = PBXBuildFile; fileRef = B876AAE81B062FB4007AAA66 /* ViewController.swift */; };
		B876AAEE1B062FB4007AAA66 /* Images.xcassets in Resources */ = {isa = PBXBuildFile; fileRef = B876AAED1B062FB4007AAA66 /* Images.xcassets */; };
		B876AAF11B062FB4007AAA66 /* LaunchScreen.xib in Resources */ = {isa = PBXBuildFile; fileRef = B876AAEF1B062FB4007AAA66 /* LaunchScreen.xib */; };
		B876AAFD1B062FB4007AAA66 /* SwiftReaderTests.swift in Sources */ = {isa = PBXBuildFile; fileRef = B876AAFC1B062FB4007AAA66 /* SwiftReaderTests.swift */; };
		B876AB071B063045007AAA66 /* AddFeedViewController.swift in Sources */ = {isa = PBXBuildFile; fileRef = B876AB061B063045007AAA66 /* AddFeedViewController.swift */; };
		B876AB091B06307F007AAA66 /* Article.swift in Sources */ = {isa = PBXBuildFile; fileRef = B876AB081B06307F007AAA66 /* Article.swift */; };
		B876AB0B1B063086007AAA66 /* ArticleModel.swift in Sources */ = {isa = PBXBuildFile; fileRef = B876AB0A1B063086007AAA66 /* ArticleModel.swift */; };
		B876AB0D1B06308E007AAA66 /* ArticlesTableViewController.swift in Sources */ = {isa = PBXBuildFile; fileRef = B876AB0C1B06308E007AAA66 /* ArticlesTableViewController.swift */; };
		B876AB0F1B063093007AAA66 /* Feed.swift in Sources */ = {isa = PBXBuildFile; fileRef = B876AB0E1B063093007AAA66 /* Feed.swift */; };
		B876AB111B06309B007AAA66 /* FeedModel.swift in Sources */ = {isa = PBXBuildFile; fileRef = B876AB101B06309B007AAA66 /* FeedModel.swift */; };
		B876AB131B0630A3007AAA66 /* FeedsTableViewController.swift in Sources */ = {isa = PBXBuildFile; fileRef = B876AB121B0630A3007AAA66 /* FeedsTableViewController.swift */; };
		B876AB161B0630A9007AAA66 /* SwiftReader.xcdatamodeld in Sources */ = {isa = PBXBuildFile; fileRef = B876AB141B0630A9007AAA66 /* SwiftReader.xcdatamodeld */; };
		B876AB181B0630BD007AAA66 /* WebViewController.swift in Sources */ = {isa = PBXBuildFile; fileRef = B876AB171B0630BD007AAA66 /* WebViewController.swift */; };
		B876AB1E1B063175007AAA66 /* main.storyboard in Resources */ = {isa = PBXBuildFile; fileRef = B876AB1D1B063175007AAA66 /* main.storyboard */; };
/* End PBXBuildFile section */

/* Begin PBXContainerItemProxy section */
		B876AAF71B062FB4007AAA66 /* PBXContainerItemProxy */ = {
			isa = PBXContainerItemProxy;
			containerPortal = B876AAD61B062FB4007AAA66 /* Project object */;
			proxyType = 1;
			remoteGlobalIDString = B876AADD1B062FB4007AAA66;
			remoteInfo = SwiftReader;
		};
/* End PBXContainerItemProxy section */

/* Begin PBXFileReference section */
		B876AADE1B062FB4007AAA66 /* SwiftReader.app */ = {isa = PBXFileReference; explicitFileType = wrapper.application; includeInIndex = 0; path = SwiftReader.app; sourceTree = BUILT_PRODUCTS_DIR; };
		B876AAE21B062FB4007AAA66 /* Info.plist */ = {isa = PBXFileReference; lastKnownFileType = text.plist.xml; path = Info.plist; sourceTree = "<group>"; };
		B876AAE31B062FB4007AAA66 /* AppDelegate.swift */ = {isa = PBXFileReference; lastKnownFileType = sourcecode.swift; path = AppDelegate.swift; sourceTree = "<group>"; };
		B876AAE81B062FB4007AAA66 /* ViewController.swift */ = {isa = PBXFileReference; lastKnownFileType = sourcecode.swift; path = ViewController.swift; sourceTree = "<group>"; };
		B876AAED1B062FB4007AAA66 /* Images.xcassets */ = {isa = PBXFileReference; lastKnownFileType = folder.assetcatalog; path = Images.xcassets; sourceTree = "<group>"; };
		B876AAF01B062FB4007AAA66 /* Base */ = {isa = PBXFileReference; lastKnownFileType = file.xib; name = Base; path = Base.lproj/LaunchScreen.xib; sourceTree = "<group>"; };
		B876AAF61B062FB4007AAA66 /* SwiftReaderTests.xctest */ = {isa = PBXFileReference; explicitFileType = wrapper.cfbundle; includeInIndex = 0; path = SwiftReaderTests.xctest; sourceTree = BUILT_PRODUCTS_DIR; };
		B876AAFB1B062FB4007AAA66 /* Info.plist */ = {isa = PBXFileReference; lastKnownFileType = text.plist.xml; path = Info.plist; sourceTree = "<group>"; };
		B876AAFC1B062FB4007AAA66 /* SwiftReaderTests.swift */ = {isa = PBXFileReference; lastKnownFileType = sourcecode.swift; path = SwiftReaderTests.swift; sourceTree = "<group>"; };
		B876AB061B063045007AAA66 /* AddFeedViewController.swift */ = {isa = PBXFileReference; fileEncoding = 4; lastKnownFileType = sourcecode.swift; name = AddFeedViewController.swift; path = ../../../Documents/SwiftReader/SwiftReader/AddFeedViewController.swift; sourceTree = "<group>"; };
		B876AB081B06307F007AAA66 /* Article.swift */ = {isa = PBXFileReference; fileEncoding = 4; lastKnownFileType = sourcecode.swift; name = Article.swift; path = ../../../Documents/SwiftReader/SwiftReader/Article.swift; sourceTree = "<group>"; };
		B876AB0A1B063086007AAA66 /* ArticleModel.swift */ = {isa = PBXFileReference; fileEncoding = 4; lastKnownFileType = sourcecode.swift; name = ArticleModel.swift; path = ../../../Documents/SwiftReader/SwiftReader/ArticleModel.swift; sourceTree = "<group>"; };
		B876AB0C1B06308E007AAA66 /* ArticlesTableViewController.swift */ = {isa = PBXFileReference; fileEncoding = 4; lastKnownFileType = sourcecode.swift; name = ArticlesTableViewController.swift; path = ../../../Documents/SwiftReader/SwiftReader/ArticlesTableViewController.swift; sourceTree = "<group>"; };
		B876AB0E1B063093007AAA66 /* Feed.swift */ = {isa = PBXFileReference; fileEncoding = 4; lastKnownFileType = sourcecode.swift; name = Feed.swift; path = ../../../Documents/SwiftReader/SwiftReader/Feed.swift; sourceTree = "<group>"; };
		B876AB101B06309B007AAA66 /* FeedModel.swift */ = {isa = PBXFileReference; fileEncoding = 4; lastKnownFileType = sourcecode.swift; name = FeedModel.swift; path = ../../../Documents/SwiftReader/SwiftReader/FeedModel.swift; sourceTree = "<group>"; };
		B876AB121B0630A3007AAA66 /* FeedsTableViewController.swift */ = {isa = PBXFileReference; fileEncoding = 4; lastKnownFileType = sourcecode.swift; name = FeedsTableViewController.swift; path = ../../../Documents/SwiftReader/SwiftReader/FeedsTableViewController.swift; sourceTree = "<group>"; };
		B876AB151B0630A9007AAA66 /* SwiftReader.xcdatamodel */ = {isa = PBXFileReference; lastKnownFileType = wrapper.xcdatamodel; path = SwiftReader.xcdatamodel; sourceTree = "<group>"; };
		B876AB171B0630BD007AAA66 /* WebViewController.swift */ = {isa = PBXFileReference; fileEncoding = 4; lastKnownFileType = sourcecode.swift; name = WebViewController.swift; path = ../../../Documents/SwiftReader/SwiftReader/WebViewController.swift; sourceTree = "<group>"; };
		B876AB1D1B063175007AAA66 /* main.storyboard */ = {isa = PBXFileReference; fileEncoding = 4; lastKnownFileType = file.storyboard; path = main.storyboard; sourceTree = "<group>"; };
/* End PBXFileReference section */

/* Begin PBXFrameworksBuildPhase section */
		B876AADB1B062FB4007AAA66 /* Frameworks */ = {
			isa = PBXFrameworksBuildPhase;
			buildActionMask = 2147483647;
			files = (
			);
			runOnlyForDeploymentPostprocessing = 0;
		};
		B876AAF31B062FB4007AAA66 /* Frameworks */ = {
			isa = PBXFrameworksBuildPhase;
			buildActionMask = 2147483647;
			files = (
			);
			runOnlyForDeploymentPostprocessing = 0;
		};
/* End PBXFrameworksBuildPhase section */

/* Begin PBXGroup section */
		B876AAD51B062FB4007AAA66 = {
			isa = PBXGroup;
			children = (
				B876AAE01B062FB4007AAA66 /* SwiftReader */,
				B876AAF91B062FB4007AAA66 /* SwiftReaderTests */,
				B876AADF1B062FB4007AAA66 /* Products */,
			);
			sourceTree = "<group>";
		};
		B876AADF1B062FB4007AAA66 /* Products */ = {
			isa = PBXGroup;
			children = (
				B876AADE1B062FB4007AAA66 /* SwiftReader.app */,
				B876AAF61B062FB4007AAA66 /* SwiftReaderTests.xctest */,
			);
			name = Products;
			sourceTree = "<group>";
		};
		B876AAE01B062FB4007AAA66 /* SwiftReader */ = {
			isa = PBXGroup;
			children = (
				B876AB0A1B063086007AAA66 /* ArticleModel.swift */,
				B876AB081B06307F007AAA66 /* Article.swift */,
				B876AB0E1B063093007AAA66 /* Feed.swift */,
				B876AB061B063045007AAA66 /* AddFeedViewController.swift */,
				B876AB121B0630A3007AAA66 /* FeedsTableViewController.swift */,
				B876AB141B0630A9007AAA66 /* SwiftReader.xcdatamodeld */,
				B876AB101B06309B007AAA66 /* FeedModel.swift */,
				B876AB171B0630BD007AAA66 /* WebViewController.swift */,
				B876AAE31B062FB4007AAA66 /* AppDelegate.swift */,
				B876AB1D1B063175007AAA66 /* main.storyboard */,
				B876AB0C1B06308E007AAA66 /* ArticlesTableViewController.swift */,
				B876AAE81B062FB4007AAA66 /* ViewController.swift */,
				B876AAED1B062FB4007AAA66 /* Images.xcassets */,
				B876AAEF1B062FB4007AAA66 /* LaunchScreen.xib */,
				B876AAE11B062FB4007AAA66 /* Supporting Files */,
			);
			path = SwiftReader;
			sourceTree = "<group>";
		};
		B876AAE11B062FB4007AAA66 /* Supporting Files */ = {
			isa = PBXGroup;
			children = (
				B876AAE21B062FB4007AAA66 /* Info.plist */,
			);
			name = "Supporting Files";
			sourceTree = "<group>";
		};
		B876AAF91B062FB4007AAA66 /* SwiftReaderTests */ = {
			isa = PBXGroup;
			children = (
				B876AAFC1B062FB4007AAA66 /* SwiftReaderTests.swift */,
				B876AAFA1B062FB4007AAA66 /* Supporting Files */,
			);
			path = SwiftReaderTests;
			sourceTree = "<group>";
		};
		B876AAFA1B062FB4007AAA66 /* Supporting Files */ = {
			isa = PBXGroup;
			children = (
				B876AAFB1B062FB4007AAA66 /* Info.plist */,
			);
			name = "Supporting Files";
			sourceTree = "<group>";
		};
/* End PBXGroup section */

/* Begin PBXNativeTarget section */
		B876AADD1B062FB4007AAA66 /* SwiftReader */ = {
			isa = PBXNativeTarget;
			buildConfigurationList = B876AB001B062FB4007AAA66 /* Build configuration list for PBXNativeTarget "SwiftReader" */;
			buildPhases = (
				B876AADA1B062FB4007AAA66 /* Sources */,
				B876AADB1B062FB4007AAA66 /* Frameworks */,
				B876AADC1B062FB4007AAA66 /* Resources */,
			);
			buildRules = (
			);
			dependencies = (
			);
			name = SwiftReader;
			productName = SwiftReader;
			productReference = B876AADE1B062FB4007AAA66 /* SwiftReader.app */;
			productType = "com.apple.product-type.application";
		};
		B876AAF51B062FB4007AAA66 /* SwiftReaderTests */ = {
			isa = PBXNativeTarget;
			buildConfigurationList = B876AB031B062FB4007AAA66 /* Build configuration list for PBXNativeTarget "SwiftReaderTests" */;
			buildPhases = (
				B876AAF21B062FB4007AAA66 /* Sources */,
				B876AAF31B062FB4007AAA66 /* Frameworks */,
				B876AAF41B062FB4007AAA66 /* Resources */,
			);
			buildRules = (
			);
			dependencies = (
				B876AAF81B062FB4007AAA66 /* PBXTargetDependency */,
			);
			name = SwiftReaderTests;
			productName = SwiftReaderTests;
			productReference = B876AAF61B062FB4007AAA66 /* SwiftReaderTests.xctest */;
			productType = "com.apple.product-type.bundle.unit-test";
		};
/* End PBXNativeTarget section */

/* Begin PBXProject section */
		B876AAD61B062FB4007AAA66 /* Project object */ = {
			isa = PBXProject;
			attributes = {
				LastUpgradeCheck = 0630;
				ORGANIZATIONNAME = "Derek Jensen";
				TargetAttributes = {
					B876AADD1B062FB4007AAA66 = {
						CreatedOnToolsVersion = 6.3.1;
					};
					B876AAF51B062FB4007AAA66 = {
						CreatedOnToolsVersion = 6.3.1;
						TestTargetID = B876AADD1B062FB4007AAA66;
					};
				};
			};
			buildConfigurationList = B876AAD91B062FB4007AAA66 /* Build configuration list for PBXProject "SwiftReader" */;
			compatibilityVersion = "Xcode 3.2";
			developmentRegion = English;
			hasScannedForEncodings = 0;
			knownRegions = (
				en,
				Base,
			);
			mainGroup = B876AAD51B062FB4007AAA66;
			productRefGroup = B876AADF1B062FB4007AAA66 /* Products */;
			projectDirPath = "";
			projectRoot = "";
			targets = (
				B876AADD1B062FB4007AAA66 /* SwiftReader */,
				B876AAF51B062FB4007AAA66 /* SwiftReaderTests */,
			);
		};
/* End PBXProject section */

/* Begin PBXResourcesBuildPhase section */
		B876AADC1B062FB4007AAA66 /* Resources */ = {
			isa = PBXResourcesBuildPhase;
			buildActionMask = 2147483647;
			files = (
				B876AAF11B062FB4007AAA66 /* LaunchScreen.xib in Resources */,
				B876AB1E1B063175007AAA66 /* main.storyboard in Resources */,
				B876AAEE1B062FB4007AAA66 /* Images.xcassets in Resources */,
			);
			runOnlyForDeploymentPostprocessing = 0;
		};
		B876AAF41B062FB4007AAA66 /* Resources */ = {
			isa = PBXResourcesBuildPhase;
			buildActionMask = 2147483647;
			files = (
			);
			runOnlyForDeploymentPostprocessing = 0;
		};
/* End PBXResourcesBuildPhase section */

/* Begin PBXSourcesBuildPhase section */
		B876AADA1B062FB4007AAA66 /* Sources */ = {
			isa = PBXSourcesBuildPhase;
			buildActionMask = 2147483647;
			files = (
				B876AAE91B062FB4007AAA66 /* ViewController.swift in Sources */,
				B876AB181B0630BD007AAA66 /* WebViewController.swift in Sources */,
				B876AB131B0630A3007AAA66 /* FeedsTableViewController.swift in Sources */,
				B876AB111B06309B007AAA66 /* FeedModel.swift in Sources */,
				B876AB0F1B063093007AAA66 /* Feed.swift in Sources */,
				B876AB161B0630A9007AAA66 /* SwiftReader.xcdatamodeld in Sources */,
				B876AB071B063045007AAA66 /* AddFeedViewController.swift in Sources */,
				B876AAE41B062FB4007AAA66 /* AppDelegate.swift in Sources */,
				B876AB0B1B063086007AAA66 /* ArticleModel.swift in Sources */,
				B876AB091B06307F007AAA66 /* Article.swift in Sources */,
				B876AB0D1B06308E007AAA66 /* ArticlesTableViewController.swift in Sources */,
			);
			runOnlyForDeploymentPostprocessing = 0;
		};
		B876AAF21B062FB4007AAA66 /* Sources */ = {
			isa = PBXSourcesBuildPhase;
			buildActionMask = 2147483647;
			files = (
				B876AAFD1B062FB4007AAA66 /* SwiftReaderTests.swift in Sources */,
			);
			runOnlyForDeploymentPostprocessing = 0;
		};
/* End PBXSourcesBuildPhase section */

/* Begin PBXTargetDependency section */
		B876AAF81B062FB4007AAA66 /* PBXTargetDependency */ = {
			isa = PBXTargetDependency;
			target = B876AADD1B062FB4007AAA66 /* SwiftReader */;
			targetProxy = B876AAF71B062FB4007AAA66 /* PBXContainerItemProxy */;
		};
/* End PBXTargetDependency section */

/* Begin PBXVariantGroup section */
		B876AAEF1B062FB4007AAA66 /* LaunchScreen.xib */ = {
			isa = PBXVariantGroup;
			children = (
				B876AAF01B062FB4007AAA66 /* Base */,
			);
			name = LaunchScreen.xib;
			sourceTree = "<group>";
		};
/* End PBXVariantGroup section */

/* Begin XCBuildConfiguration section */
		B876AAFE1B062FB4007AAA66 /* Debug */ = {
			isa = XCBuildConfiguration;
			buildSettings = {
				ALWAYS_SEARCH_USER_PATHS = NO;
				CLANG_CXX_LANGUAGE_STANDARD = "gnu++0x";
				CLANG_CXX_LIBRARY = "libc++";
				CLANG_ENABLE_MODULES = YES;
				CLANG_ENABLE_OBJC_ARC = YES;
				CLANG_WARN_BOOL_CONVERSION = YES;
				CLANG_WARN_CONSTANT_CONVERSION = YES;
				CLANG_WARN_DIRECT_OBJC_ISA_USAGE = YES_ERROR;
				CLANG_WARN_EMPTY_BODY = YES;
				CLANG_WARN_ENUM_CONVERSION = YES;
				CLANG_WARN_INT_CONVERSION = YES;
				CLANG_WARN_OBJC_ROOT_CLASS = YES_ERROR;
				CLANG_WARN_UNREACHABLE_CODE = YES;
				CLANG_WARN__DUPLICATE_METHOD_MATCH = YES;
				"CODE_SIGN_IDENTITY[sdk=iphoneos*]" = "iPhone Developer";
				COPY_PHASE_STRIP = NO;
				DEBUG_INFORMATION_FORMAT = "dwarf-with-dsym";
				ENABLE_STRICT_OBJC_MSGSEND = YES;
				GCC_C_LANGUAGE_STANDARD = gnu99;
				GCC_DYNAMIC_NO_PIC = NO;
				GCC_NO_COMMON_BLOCKS = YES;
				GCC_OPTIMIZATION_LEVEL = 0;
				GCC_PREPROCESSOR_DEFINITIONS = (
					"DEBUG=1",
					"$(inherited)",
				);
				GCC_SYMBOLS_PRIVATE_EXTERN = NO;
				GCC_WARN_64_TO_32_BIT_CONVERSION = YES;
				GCC_WARN_ABOUT_RETURN_TYPE = YES_ERROR;
				GCC_WARN_UNDECLARED_SELECTOR = YES;
				GCC_WARN_UNINITIALIZED_AUTOS = YES_AGGRESSIVE;
				GCC_WARN_UNUSED_FUNCTION = YES;
				GCC_WARN_UNUSED_VARIABLE = YES;
				IPHONEOS_DEPLOYMENT_TARGET = 8.3;
				MTL_ENABLE_DEBUG_INFO = YES;
				ONLY_ACTIVE_ARCH = YES;
				SDKROOT = iphoneos;
				SWIFT_OPTIMIZATION_LEVEL = "-Onone";
			};
			name = Debug;
		};
		B876AAFF1B062FB4007AAA66 /* Release */ = {
			isa = XCBuildConfiguration;
			buildSettings = {
				ALWAYS_SEARCH_USER_PATHS = NO;
				CLANG_CXX_LANGUAGE_STANDARD = "gnu++0x";
				CLANG_CXX_LIBRARY = "libc++";
				CLANG_ENABLE_MODULES = YES;
				CLANG_ENABLE_OBJC_ARC = YES;
				CLANG_WARN_BOOL_CONVERSION = YES;
				CLANG_WARN_CONSTANT_CONVERSION = YES;
				CLANG_WARN_DIRECT_OBJC_ISA_USAGE = YES_ERROR;
				CLANG_WARN_EMPTY_BODY = YES;
				CLANG_WARN_ENUM_CONVERSION = YES;
				CLANG_WARN_INT_CONVERSION = YES;
				CLANG_WARN_OBJC_ROOT_CLASS = YES_ERROR;
				CLANG_WARN_UNREACHABLE_CODE = YES;
				CLANG_WARN__DUPLICATE_METHOD_MATCH = YES;
				"CODE_SIGN_IDENTITY[sdk=iphoneos*]" = "iPhone Developer";
				COPY_PHASE_STRIP = NO;
				DEBUG_INFORMATION_FORMAT = "dwarf-with-dsym";
				ENABLE_NS_ASSERTIONS = NO;
				ENABLE_STRICT_OBJC_MSGSEND = YES;
				GCC_C_LANGUAGE_STANDARD = gnu99;
				GCC_NO_COMMON_BLOCKS = YES;
				GCC_WARN_64_TO_32_BIT_CONVERSION = YES;
				GCC_WARN_ABOUT_RETURN_TYPE = YES_ERROR;
				GCC_WARN_UNDECLARED_SELECTOR = YES;
				GCC_WARN_UNINITIALIZED_AUTOS = YES_AGGRESSIVE;
				GCC_WARN_UNUSED_FUNCTION = YES;
				GCC_WARN_UNUSED_VARIABLE = YES;
				IPHONEOS_DEPLOYMENT_TARGET = 8.3;
				MTL_ENABLE_DEBUG_INFO = NO;
				SDKROOT = iphoneos;
				VALIDATE_PRODUCT = YES;
			};
			name = Release;
		};
		B876AB011B062FB4007AAA66 /* Debug */ = {
			isa = XCBuildConfiguration;
			buildSettings = {
				ASSETCATALOG_COMPILER_APPICON_NAME = AppIcon;
				INFOPLIST_FILE = SwiftReader/Info.plist;
				LD_RUNPATH_SEARCH_PATHS = "$(inherited) @executable_path/Frameworks";
				PRODUCT_NAME = "$(TARGET_NAME)";
			};
			name = Debug;
		};
		B876AB021B062FB4007AAA66 /* Release */ = {
			isa = XCBuildConfiguration;
			buildSettings = {
				ASSETCATALOG_COMPILER_APPICON_NAME = AppIcon;
				INFOPLIST_FILE = SwiftReader/Info.plist;
				LD_RUNPATH_SEARCH_PATHS = "$(inherited) @executable_path/Frameworks";
				PRODUCT_NAME = "$(TARGET_NAME)";
			};
			name = Release;
		};
		B876AB041B062FB4007AAA66 /* Debug */ = {
			isa = XCBuildConfiguration;
			buildSettings = {
				BUNDLE_LOADER = "$(TEST_HOST)";
				FRAMEWORK_SEARCH_PATHS = (
					"$(SDKROOT)/Developer/Library/Frameworks",
					"$(inherited)",
				);
				GCC_PREPROCESSOR_DEFINITIONS = (
					"DEBUG=1",
					"$(inherited)",
				);
				INFOPLIST_FILE = SwiftReaderTests/Info.plist;
				LD_RUNPATH_SEARCH_PATHS = "$(inherited) @executable_path/Frameworks @loader_path/Frameworks";
				PRODUCT_NAME = "$(TARGET_NAME)";
				TEST_HOST = "$(BUILT_PRODUCTS_DIR)/SwiftReader.app/SwiftReader";
			};
			name = Debug;
		};
		B876AB051B062FB4007AAA66 /* Release */ = {
			isa = XCBuildConfiguration;
			buildSettings = {
				BUNDLE_LOADER = "$(TEST_HOST)";
				FRAMEWORK_SEARCH_PATHS = (
					"$(SDKROOT)/Developer/Library/Frameworks",
					"$(inherited)",
				);
				INFOPLIST_FILE = SwiftReaderTests/Info.plist;
				LD_RUNPATH_SEARCH_PATHS = "$(inherited) @executable_path/Frameworks @loader_path/Frameworks";
				PRODUCT_NAME = "$(TARGET_NAME)";
				TEST_HOST = "$(BUILT_PRODUCTS_DIR)/SwiftReader.app/SwiftReader";
			};
			name = Release;
		};
/* End XCBuildConfiguration section */

/* Begin XCConfigurationList section */
		B876AAD91B062FB4007AAA66 /* Build configuration list for PBXProject "SwiftReader" */ = {
			isa = XCConfigurationList;
			buildConfigurations = (
				B876AAFE1B062FB4007AAA66 /* Debug */,
				B876AAFF1B062FB4007AAA66 /* Release */,
			);
			defaultConfigurationIsVisible = 0;
			defaultConfigurationName = Release;
		};
		B876AB001B062FB4007AAA66 /* Build configuration list for PBXNativeTarget "SwiftReader" */ = {
			isa = XCConfigurationList;
			buildConfigurations = (
				B876AB011B062FB4007AAA66 /* Debug */,
				B876AB021B062FB4007AAA66 /* Release */,
			);
			defaultConfigurationIsVisible = 0;
		};
		B876AB031B062FB4007AAA66 /* Build configuration list for PBXNativeTarget "SwiftReaderTests" */ = {
			isa = XCConfigurationList;
			buildConfigurations = (
				B876AB041B062FB4007AAA66 /* Debug */,
				B876AB051B062FB4007AAA66 /* Release */,
			);
			defaultConfigurationIsVisible = 0;
		};
/* End XCConfigurationList section */

/* Begin XCVersionGroup section */
		B876AB141B0630A9007AAA66 /* SwiftReader.xcdatamodeld */ = {
			isa = XCVersionGroup;
			children = (
				B876AB151B0630A9007AAA66 /* SwiftReader.xcdatamodel */,
			);
			currentVersion = B876AB151B0630A9007AAA66 /* SwiftReader.xcdatamodel */;
			name = SwiftReader.xcdatamodeld;
			path = ../../../Documents/SwiftReader/SwiftReader/SwiftReader.xcdatamodeld;
			sourceTree = "<group>";
			versionGroupType = wrapper.xcdatamodel;
		};
/* End XCVersionGroup section */
	};
	rootObject = B876AAD61B062FB4007AAA66 /* Project object */;
}
